
Microsoft Visual Studio Solution File, Format Version 12.00
Project("{FAE04EC0-301F-11D3-BF4B-00C04F79EFBC}") = "CapitecFraud.Api", "CapitecFraud.Api\CapitecFraud.Api.csproj", "{95D43508-3507-4D72-A55C-DE197A7D0BF8}"
EndProject
Project("{FAE04EC0-301F-11D3-BF4B-00C04F79EFBC}") = "CapitecFraud.Worker", "CapitecFraud.Worker\CapitecFraud.Worker.csproj", "{A7ECFDBD-3E6A-444E-96CC-A3CC344DDE2C}"
EndProject
Project("{2150E333-8FDC-42A3-9474-1A3956D46DE8}") = "Solution Items", "Solution Items", "{359B99B4-6A4F-4283-BD68-F2FF9BB3525A}"
	ProjectSection(SolutionItems) = preProject
		docker-compose.yaml = ../../docker-compose.yaml
		..\..\runme.md = ..\..\runme.md
	EndProjectSection
EndProject
Project("{FAE04EC0-301F-11D3-BF4B-00C04F79EFBC}") = "CapitecFraud.Domain", "CapitecFraud.Domain\CapitecFraud.Domain.csproj", "{56FA5B09-D889-48F6-9A33-405D3BA37BDF}"
EndProject
Project("{FAE04EC0-301F-11D3-BF4B-00C04F79EFBC}") = "CapitecFraud.Application", "CapitecFraud.Application\CapitecFraud.Application.csproj", "{95AC6A45-3FBD-4E22-91C2-D1F32763205C}"
EndProject
Project("{FAE04EC0-301F-11D3-BF4B-00C04F79EFBC}") = "CapitecFraud.Infrastructure", "CapitecFraud.Infrastructure\CapitecFraud.Infrastructure.csproj", "{EC73B8AA-BC2D-40DB-83F2-728BC2FD37B4}"
EndProject
Project("{FAE04EC0-301F-11D3-BF4B-00C04F79EFBC}") = "CapitecFraud.Tests", "..\..\tests\CapitecFraudEngine.Tests\CapitecFraud.Tests\CapitecFraud.Tests.csproj", "{4B18EB1D-2F7C-4824-A678-147B62E81AC2}"
EndProject
Global
	GlobalSection(SolutionConfigurationPlatforms) = preSolution
		Debug|Any CPU = Debug|Any CPU
		Release|Any CPU = Release|Any CPU
	EndGlobalSection
	GlobalSection(ProjectConfigurationPlatforms) = postSolution
		{95D43508-3507-4D72-A55C-DE197A7D0BF8}.Debug|Any CPU.ActiveCfg = Debug|Any CPU
		{95D43508-3507-4D72-A55C-DE197A7D0BF8}.Debug|Any CPU.Build.0 = Debug|Any CPU
		{95D43508-3507-4D72-A55C-DE197A7D0BF8}.Release|Any CPU.ActiveCfg = Release|Any CPU
		{95D43508-3507-4D72-A55C-DE197A7D0BF8}.Release|Any CPU.Build.0 = Release|Any CPU
		{A7ECFDBD-3E6A-444E-96CC-A3CC344DDE2C}.Debug|Any CPU.ActiveCfg = Debug|Any CPU
		{A7ECFDBD-3E6A-444E-96CC-A3CC344DDE2C}.Debug|Any CPU.Build.0 = Debug|Any CPU
		{A7ECFDBD-3E6A-444E-96CC-A3CC344DDE2C}.Release|Any CPU.ActiveCfg = Release|Any CPU
		{A7ECFDBD-3E6A-444E-96CC-A3CC344DDE2C}.Release|Any CPU.Build.0 = Release|Any CPU
		{56FA5B09-D889-48F6-9A33-405D3BA37BDF}.Debug|Any CPU.ActiveCfg = Debug|Any CPU
		{56FA5B09-D889-48F6-9A33-405D3BA37BDF}.Debug|Any CPU.Build.0 = Debug|Any CPU
		{56FA5B09-D889-48F6-9A33-405D3BA37BDF}.Release|Any CPU.ActiveCfg = Release|Any CPU
		{56FA5B09-D889-48F6-9A33-405D3BA37BDF}.Release|Any CPU.Build.0 = Release|Any CPU
		{95AC6A45-3FBD-4E22-91C2-D1F32763205C}.Debug|Any CPU.ActiveCfg = Debug|Any CPU
		{95AC6A45-3FBD-4E22-91C2-D1F32763205C}.Debug|Any CPU.Build.0 = Debug|Any CPU
		{95AC6A45-3FBD-4E22-91C2-D1F32763205C}.Release|Any CPU.ActiveCfg = Release|Any CPU
		{95AC6A45-3FBD-4E22-91C2-D1F32763205C}.Release|Any CPU.Build.0 = Release|Any CPU
		{EC73B8AA-BC2D-40DB-83F2-728BC2FD37B4}.Debug|Any CPU.ActiveCfg = Debug|Any CPU
		{EC73B8AA-BC2D-40DB-83F2-728BC2FD37B4}.Debug|Any CPU.Build.0 = Debug|Any CPU
		{EC73B8AA-BC2D-40DB-83F2-728BC2FD37B4}.Release|Any CPU.ActiveCfg = Release|Any CPU
		{EC73B8AA-BC2D-40DB-83F2-728BC2FD37B4}.Release|Any CPU.Build.0 = Release|Any CPU
		{4B18EB1D-2F7C-4824-A678-147B62E81AC2}.Debug|Any CPU.ActiveCfg = Debug|Any CPU
		{4B18EB1D-2F7C-4824-A678-147B62E81AC2}.Debug|Any CPU.Build.0 = Debug|Any CPU
		{4B18EB1D-2F7C-4824-A678-147B62E81AC2}.Release|Any CPU.ActiveCfg = Release|Any CPU
		{4B18EB1D-2F7C-4824-A678-147B62E81AC2}.Release|Any CPU.Build.0 = Release|Any CPU
	EndGlobalSection
EndGlobal
